// !$*UTF8*$!
{
	archiveVersion = 1;
	classes = {
	};
	objectVersion = 50;
	objects = {

/* Begin PBXBuildFile section */
		25D74BE425D2384F0099FDC5 /* AppDelegate.swift in Sources */ = {isa = PBXBuildFile; fileRef = 25D74BE325D2384F0099FDC5 /* AppDelegate.swift */; };
		25D74BE625D2384F0099FDC5 /* SceneDelegate.swift in Sources */ = {isa = PBXBuildFile; fileRef = 25D74BE525D2384F0099FDC5 /* SceneDelegate.swift */; };
		25D74BE825D2384F0099FDC5 /* ViewController.swift in Sources */ = {isa = PBXBuildFile; fileRef = 25D74BE725D2384F0099FDC5 /* ViewController.swift */; };
		25D74BEB25D2384F0099FDC5 /* Main.storyboard in Resources */ = {isa = PBXBuildFile; fileRef = 25D74BE925D2384F0099FDC5 /* Main.storyboard */; };
		25D74BEE25D2384F0099FDC5 /* _0_CoreDataTest.xcdatamodeld in Sources */ = {isa = PBXBuildFile; fileRef = 25D74BEC25D2384F0099FDC5 /* _0_CoreDataTest.xcdatamodeld */; };
		25D74BF025D238520099FDC5 /* Assets.xcassets in Resources */ = {isa = PBXBuildFile; fileRef = 25D74BEF25D238520099FDC5 /* Assets.xcassets */; };
		25D74BF325D238520099FDC5 /* LaunchScreen.storyboard in Resources */ = {isa = PBXBuildFile; fileRef = 25D74BF125D238520099FDC5 /* LaunchScreen.storyboard */; };
		25D74C1825D23F7B0099FDC5 /* SchoolClass+CoreDataClass.swift in Sources */ = {isa = PBXBuildFile; fileRef = 25D74C1425D23F7B0099FDC5 /* SchoolClass+CoreDataClass.swift */; };
		25D74C1925D23F7B0099FDC5 /* SchoolClass+CoreDataProperties.swift in Sources */ = {isa = PBXBuildFile; fileRef = 25D74C1525D23F7B0099FDC5 /* SchoolClass+CoreDataProperties.swift */; };
		25D74C1A25D23F7B0099FDC5 /* Student+CoreDataClass.swift in Sources */ = {isa = PBXBuildFile; fileRef = 25D74C1625D23F7B0099FDC5 /* Student+CoreDataClass.swift */; };
		25D74C1B25D23F7B0099FDC5 /* Student+CoreDataProperties.swift in Sources */ = {isa = PBXBuildFile; fileRef = 25D74C1725D23F7B0099FDC5 /* Student+CoreDataProperties.swift */; };
/* End PBXBuildFile section */

/* Begin PBXFileReference section */
		25D74BE025D2384F0099FDC5 /* 40_CoreDataTest.app */ = {isa = PBXFileReference; explicitFileType = wrapper.application; includeInIndex = 0; path = 40_CoreDataTest.app; sourceTree = BUILT_PRODUCTS_DIR; };
		25D74BE325D2384F0099FDC5 /* AppDelegate.swift */ = {isa = PBXFileReference; lastKnownFileType = sourcecode.swift; path = AppDelegate.swift; sourceTree = "<group>"; };
		25D74BE525D2384F0099FDC5 /* SceneDelegate.swift */ = {isa = PBXFileReference; lastKnownFileType = sourcecode.swift; path = SceneDelegate.swift; sourceTree = "<group>"; };
		25D74BE725D2384F0099FDC5 /* ViewController.swift */ = {isa = PBXFileReference; lastKnownFileType = sourcecode.swift; path = ViewController.swift; sourceTree = "<group>"; };
		25D74BEA25D2384F0099FDC5 /* Base */ = {isa = PBXFileReference; lastKnownFileType = file.storyboard; name = Base; path = Base.lproj/Main.storyboard; sourceTree = "<group>"; };
		25D74BED25D2384F0099FDC5 /* _0_CoreDataTest.xcdatamodel */ = {isa = PBXFileReference; lastKnownFileType = wrapper.xcdatamodel; path = _0_CoreDataTest.xcdatamodel; sourceTree = "<group>"; };
		25D74BEF25D238520099FDC5 /* Assets.xcassets */ = {isa = PBXFileReference; lastKnownFileType = folder.assetcatalog; path = Assets.xcassets; sourceTree = "<group>"; };
		25D74BF225D238520099FDC5 /* Base */ = {isa = PBXFileReference; lastKnownFileType = file.storyboard; name = Base; path = Base.lproj/LaunchScreen.storyboard; sourceTree = "<group>"; };
		25D74BF425D238520099FDC5 /* Info.plist */ = {isa = PBXFileReference; lastKnownFileType = text.plist.xml; path = Info.plist; sourceTree = "<group>"; };
		25D74C1425D23F7B0099FDC5 /* SchoolClass+CoreDataClass.swift */ = {isa = PBXFileReference; lastKnownFileType = sourcecode.swift; name = "SchoolClass+CoreDataClass.swift"; path = "40_CoreDataTest/SchoolClass+CoreDataClass.swift"; sourceTree = "<group>"; };
		25D74C1525D23F7B0099FDC5 /* SchoolClass+CoreDataProperties.swift */ = {isa = PBXFileReference; lastKnownFileType = sourcecode.swift; name = "SchoolClass+CoreDataProperties.swift"; path = "40_CoreDataTest/SchoolClass+CoreDataProperties.swift"; sourceTree = "<group>"; };
		25D74C1625D23F7B0099FDC5 /* Student+CoreDataClass.swift */ = {isa = PBXFileReference; lastKnownFileType = sourcecode.swift; name = "Student+CoreDataClass.swift"; path = "40_CoreDataTest/Student+CoreDataClass.swift"; sourceTree = "<group>"; };
		25D74C1725D23F7B0099FDC5 /* Student+CoreDataProperties.swift */ = {isa = PBXFileReference; lastKnownFileType = sourcecode.swift; name = "Student+CoreDataProperties.swift"; path = "40_CoreDataTest/Student+CoreDataProperties.swift"; sourceTree = "<group>"; };
/* End PBXFileReference section */

/* Begin PBXFrameworksBuildPhase section */
		25D74BDD25D2384F0099FDC5 /* Frameworks */ = {
			isa = PBXFrameworksBuildPhase;
			buildActionMask = 2147483647;
			files = (
			);
			runOnlyForDeploymentPostprocessing = 0;
		};
/* End PBXFrameworksBuildPhase section */

/* Begin PBXGroup section */
		25D74BD725D2384F0099FDC5 = {
			isa = PBXGroup;
			children = (
				25D74C1425D23F7B0099FDC5 /* SchoolClass+CoreDataClass.swift */,
				25D74C1525D23F7B0099FDC5 /* SchoolClass+CoreDataProperties.swift */,
				25D74C1625D23F7B0099FDC5 /* Student+CoreDataClass.swift */,
				25D74C1725D23F7B0099FDC5 /* Student+CoreDataProperties.swift */,
				25D74BE225D2384F0099FDC5 /* 40_CoreDataTest */,
				25D74BE125D2384F0099FDC5 /* Products */,
			);
			sourceTree = "<group>";
		};
		25D74BE125D2384F0099FDC5 /* Products */ = {
			isa = PBXGroup;
			children = (
				25D74BE025D2384F0099FDC5 /* 40_CoreDataTest.app */,
			);
			name = Products;
			sourceTree = "<group>";
		};
		25D74BE225D2384F0099FDC5 /* 40_CoreDataTest */ = {
			isa = PBXGroup;
			children = (
				25D74BE325D2384F0099FDC5 /* AppDelegate.swift */,
				25D74BE525D2384F0099FDC5 /* SceneDelegate.swift */,
				25D74BE725D2384F0099FDC5 /* ViewController.swift */,
				25D74BE925D2384F0099FDC5 /* Main.storyboard */,
				25D74BEF25D238520099FDC5 /* Assets.xcassets */,
				25D74BF125D238520099FDC5 /* LaunchScreen.storyboard */,
				25D74BF425D238520099FDC5 /* Info.plist */,
				25D74BEC25D2384F0099FDC5 /* _0_CoreDataTest.xcdatamodeld */,
			);
			path = 40_CoreDataTest;
			sourceTree = "<group>";
		};
/* End PBXGroup section */

/* Begin PBXNativeTarget section */
		25D74BDF25D2384F0099FDC5 /* 40_CoreDataTest */ = {
			isa = PBXNativeTarget;
			buildConfigurationList = 25D74BF725D238520099FDC5 /* Build configuration list for PBXNativeTarget "40_CoreDataTest" */;
			buildPhases = (
				25D74BDC25D2384F0099FDC5 /* Sources */,
				25D74BDD25D2384F0099FDC5 /* Frameworks */,
				25D74BDE25D2384F0099FDC5 /* Resources */,
			);
			buildRules = (
			);
			dependencies = (
			);
			name = 40_CoreDataTest;
			productName = 40_CoreDataTest;
			productReference = 25D74BE025D2384F0099FDC5 /* 40_CoreDataTest.app */;
			productType = "com.apple.product-type.application";
		};
/* End PBXNativeTarget section */

/* Begin PBXProject section */
		25D74BD825D2384F0099FDC5 /* Project object */ = {
			isa = PBXProject;
			attributes = {
				LastSwiftUpdateCheck = 1230;
				LastUpgradeCheck = 1230;
				TargetAttributes = {
					25D74BDF25D2384F0099FDC5 = {
						CreatedOnToolsVersion = 12.3;
					};
				};
			};
			buildConfigurationList = 25D74BDB25D2384F0099FDC5 /* Build configuration list for PBXProject "40_CoreDataTest" */;
			compatibilityVersion = "Xcode 9.3";
			developmentRegion = en;
			hasScannedForEncodings = 0;
			knownRegions = (
				en,
				Base,
			);
			mainGroup = 25D74BD725D2384F0099FDC5;
			productRefGroup = 25D74BE125D2384F0099FDC5 /* Products */;
			projectDirPath = "";
			projectRoot = "";
			targets = (
				25D74BDF25D2384F0099FDC5 /* 40_CoreDataTest */,
			);
		};
/* End PBXProject section */

/* Begin PBXResourcesBuildPhase section */
		25D74BDE25D2384F0099FDC5 /* Resources */ = {
			isa = PBXResourcesBuildPhase;
			buildActionMask = 2147483647;
			files = (
				25D74BF325D238520099FDC5 /* LaunchScreen.storyboard in Resources */,
				25D74BF025D238520099FDC5 /* Assets.xcassets in Resources */,
				25D74BEB25D2384F0099FDC5 /* Main.storyboard in Resources */,
			);
			runOnlyForDeploymentPostprocessing = 0;
		};
/* End PBXResourcesBuildPhase section */

/* Begin PBXSourcesBuildPhase section */
		25D74BDC25D2384F0099FDC5 /* Sources */ = {
			isa = PBXSourcesBuildPhase;
			buildActionMask = 2147483647;
			files = (
				25D74BE825D2384F0099FDC5 /* ViewController.swift in Sources */,
				25D74BEE25D2384F0099FDC5 /* _0_CoreDataTest.xcdatamodeld in Sources */,
				25D74C1B25D23F7B0099FDC5 /* Student+CoreDataProperties.swift in Sources */,
				25D74C1925D23F7B0099FDC5 /* SchoolClass+CoreDataProperties.swift in Sources */,
				25D74C1A25D23F7B0099FDC5 /* Student+CoreDataClass.swift in Sources */,
				25D74BE425D2384F0099FDC5 /* AppDelegate.swift in Sources */,
				25D74BE625D2384F0099FDC5 /* SceneDelegate.swift in Sources */,
				25D74C1825D23F7B0099FDC5 /* SchoolClass+CoreDataClass.swift in Sources */,
			);
			runOnlyForDeploymentPostprocessing = 0;
		};
/* End PBXSourcesBuildPhase section */

/* Begin PBXVariantGroup section */
		25D74BE925D2384F0099FDC5 /* Main.storyboard */ = {
			isa = PBXVariantGroup;
			children = (
				25D74BEA25D2384F0099FDC5 /* Base */,
			);
			name = Main.storyboard;
			sourceTree = "<group>";
		};
		25D74BF125D238520099FDC5 /* LaunchScreen.storyboard */ = {
			isa = PBXVariantGroup;
			children = (
				25D74BF225D238520099FDC5 /* Base */,
			);
			name = LaunchScreen.storyboard;
			sourceTree = "<group>";
		};
/* End PBXVariantGroup section */

/* Begin XCBuildConfiguration section */
		25D74BF525D238520099FDC5 /* Debug */ = {
			isa = XCBuildConfiguration;
			buildSettings = {
				ALWAYS_SEARCH_USER_PATHS = NO;
				CLANG_ANALYZER_NONNULL = YES;
				CLANG_ANALYZER_NUMBER_OBJECT_CONVERSION = YES_AGGRESSIVE;
				CLANG_CXX_LANGUAGE_STANDARD = "gnu++14";
				CLANG_CXX_LIBRARY = "libc++";
				CLANG_ENABLE_MODULES = YES;
				CLANG_ENABLE_OBJC_ARC = YES;
				CLANG_ENABLE_OBJC_WEAK = YES;
				CLANG_WARN_BLOCK_CAPTURE_AUTORELEASING = YES;
				CLANG_WARN_BOOL_CONVERSION = YES;
				CLANG_WARN_COMMA = YES;
				CLANG_WARN_CONSTANT_CONVERSION = YES;
				CLANG_WARN_DEPRECATED_OBJC_IMPLEMENTATIONS = YES;
				CLANG_WARN_DIRECT_OBJC_ISA_USAGE = YES_ERROR;
				CLANG_WARN_DOCUMENTATION_COMMENTS = YES;
				CLANG_WARN_EMPTY_BODY = YES;
				CLANG_WARN_ENUM_CONVERSION = YES;
				CLANG_WARN_INFINITE_RECURSION = YES;
				CLANG_WARN_INT_CONVERSION = YES;
				CLANG_WARN_NON_LITERAL_NULL_CONVERSION = YES;
				CLANG_WARN_OBJC_IMPLICIT_RETAIN_SELF = YES;
				CLANG_WARN_OBJC_LITERAL_CONVERSION = YES;
				CLANG_WARN_OBJC_ROOT_CLASS = YES_ERROR;
				CLANG_WARN_QUOTED_INCLUDE_IN_FRAMEWORK_HEADER = YES;
				CLANG_WARN_RANGE_LOOP_ANALYSIS = YES;
				CLANG_WARN_STRICT_PROTOTYPES = YES;
				CLANG_WARN_SUSPICIOUS_MOVE = YES;
				CLANG_WARN_UNGUARDED_AVAILABILITY = YES_AGGRESSIVE;
				CLANG_WARN_UNREACHABLE_CODE = YES;
				CLANG_WARN__DUPLICATE_METHOD_MATCH = YES;
				COPY_PHASE_STRIP = NO;
				DEBUG_INFORMATION_FORMAT = dwarf;
				ENABLE_STRICT_OBJC_MSGSEND = YES;
				ENABLE_TESTABILITY = YES;
				GCC_C_LANGUAGE_STANDARD = gnu11;
				GCC_DYNAMIC_NO_PIC = NO;
				GCC_NO_COMMON_BLOCKS = YES;
				GCC_OPTIMIZATION_LEVEL = 0;
				GCC_PREPROCESSOR_DEFINITIONS = (
					"DEBUG=1",
					"$(inherited)",
				);
				GCC_WARN_64_TO_32_BIT_CONVERSION = YES;
				GCC_WARN_ABOUT_RETURN_TYPE = YES_ERROR;
				GCC_WARN_UNDECLARED_SELECTOR = YES;
				GCC_WARN_UNINITIALIZED_AUTOS = YES_AGGRESSIVE;
				GCC_WARN_UNUSED_FUNCTION = YES;
				GCC_WARN_UNUSED_VARIABLE = YES;
				IPHONEOS_DEPLOYMENT_TARGET = 14.3;
				MTL_ENABLE_DEBUG_INFO = INCLUDE_SOURCE;
				MTL_FAST_MATH = YES;
				ONLY_ACTIVE_ARCH = YES;
				SDKROOT = iphoneos;
				SWIFT_ACTIVE_COMPILATION_CONDITIONS = DEBUG;
				SWIFT_OPTIMIZATION_LEVEL = "-Onone";
			};
			name = Debug;
		};
		25D74BF625D238520099FDC5 /* Release */ = {
			isa = XCBuildConfiguration;
			buildSettings = {
				ALWAYS_SEARCH_USER_PATHS = NO;
				CLANG_ANALYZER_NONNULL = YES;
				CLANG_ANALYZER_NUMBER_OBJECT_CONVERSION = YES_AGGRESSIVE;
				CLANG_CXX_LANGUAGE_STANDARD = "gnu++14";
				CLANG_CXX_LIBRARY = "libc++";
				CLANG_ENABLE_MODULES = YES;
				CLANG_ENABLE_OBJC_ARC = YES;
				CLANG_ENABLE_OBJC_WEAK = YES;
				CLANG_WARN_BLOCK_CAPTURE_AUTORELEASING = YES;
				CLANG_WARN_BOOL_CONVERSION = YES;
				CLANG_WARN_COMMA = YES;
				CLANG_WARN_CONSTANT_CONVERSION = YES;
				CLANG_WARN_DEPRECATED_OBJC_IMPLEMENTATIONS = YES;
				CLANG_WARN_DIRECT_OBJC_ISA_USAGE = YES_ERROR;
				CLANG_WARN_DOCUMENTATION_COMMENTS = YES;
				CLANG_WARN_EMPTY_BODY = YES;
				CLANG_WARN_ENUM_CONVERSION = YES;
				CLANG_WARN_INFINITE_RECURSION = YES;
				CLANG_WARN_INT_CONVERSION = YES;
				CLANG_WARN_NON_LITERAL_NULL_CONVERSION = YES;
				CLANG_WARN_OBJC_IMPLICIT_RETAIN_SELF = YES;
				CLANG_WARN_OBJC_LITERAL_CONVERSION = YES;
				CLANG_WARN_OBJC_ROOT_CLASS = YES_ERROR;
				CLANG_WARN_QUOTED_INCLUDE_IN_FRAMEWORK_HEADER = YES;
				CLANG_WARN_RANGE_LOOP_ANALYSIS = YES;
				CLANG_WARN_STRICT_PROTOTYPES = YES;
				CLANG_WARN_SUSPICIOUS_MOVE = YES;
				CLANG_WARN_UNGUARDED_AVAILABILITY = YES_AGGRESSIVE;
				CLANG_WARN_UNREACHABLE_CODE = YES;
				CLANG_WARN__DUPLICATE_METHOD_MATCH = YES;
				COPY_PHASE_STRIP = NO;
				DEBUG_INFORMATION_FORMAT = "dwarf-with-dsym";
				ENABLE_NS_ASSERTIONS = NO;
				ENABLE_STRICT_OBJC_MSGSEND = YES;
				GCC_C_LANGUAGE_STANDARD = gnu11;
				GCC_NO_COMMON_BLOCKS = YES;
				GCC_WARN_64_TO_32_BIT_CONVERSION = YES;
				GCC_WARN_ABOUT_RETURN_TYPE = YES_ERROR;
				GCC_WARN_UNDECLARED_SELECTOR = YES;
				GCC_WARN_UNINITIALIZED_AUTOS = YES_AGGRESSIVE;
				GCC_WARN_UNUSED_FUNCTION = YES;
				GCC_WARN_UNUSED_VARIABLE = YES;
				IPHONEOS_DEPLOYMENT_TARGET = 14.3;
				MTL_ENABLE_DEBUG_INFO = NO;
				MTL_FAST_MATH = YES;
				SDKROOT = iphoneos;
				SWIFT_COMPILATION_MODE = wholemodule;
				SWIFT_OPTIMIZATION_LEVEL = "-O";
				VALIDATE_PRODUCT = YES;
			};
			name = Release;
		};
		25D74BF825D238520099FDC5 /* Debug */ = {
			isa = XCBuildConfiguration;
			buildSettings = {
				ASSETCATALOG_COMPILER_APPICON_NAME = AppIcon;
				ASSETCATALOG_COMPILER_GLOBAL_ACCENT_COLOR_NAME = AccentColor;
				CODE_SIGN_STYLE = Automatic;
				INFOPLIST_FILE = 40_CoreDataTest/Info.plist;
				LD_RUNPATH_SEARCH_PATHS = (
					"$(inherited)",
					"@executable_path/Frameworks",
				);
				PRODUCT_BUNDLE_IDENTIFIER = "huishao.-0-CoreDataTest";
				PRODUCT_NAME = "$(TARGET_NAME)";
				SWIFT_VERSION = 5.0;
				TARGETED_DEVICE_FAMILY = "1,2";
			};
			name = Debug;
		};
		25D74BF925D238520099FDC5 /* Release */ = {
			isa = XCBuildConfiguration;
			buildSettings = {
				ASSETCATALOG_COMPILER_APPICON_NAME = AppIcon;
				ASSETCATALOG_COMPILER_GLOBAL_ACCENT_COLOR_NAME = AccentColor;
				CODE_SIGN_STYLE = Automatic;
				INFOPLIST_FILE = 40_CoreDataTest/Info.plist;
				LD_RUNPATH_SEARCH_PATHS = (
					"$(inherited)",
					"@executable_path/Frameworks",
				);
				PRODUCT_BUNDLE_IDENTIFIER = "huishao.-0-CoreDataTest";
				PRODUCT_NAME = "$(TARGET_NAME)";
				SWIFT_VERSION = 5.0;
				TARGETED_DEVICE_FAMILY = "1,2";
			};
			name = Release;
		};
/* End XCBuildConfiguration section */

/* Begin XCConfigurationList section */
		25D74BDB25D2384F0099FDC5 /* Build configuration list for PBXProject "40_CoreDataTest" */ = {
			isa = XCConfigurationList;
			buildConfigurations = (
				25D74BF525D238520099FDC5 /* Debug */,
				25D74BF625D238520099FDC5 /* Release */,
			);
			defaultConfigurationIsVisible = 0;
			defaultConfigurationName = Release;
		};
		25D74BF725D238520099FDC5 /* Build configuration list for PBXNativeTarget "40_CoreDataTest" */ = {
			isa = XCConfigurationList;
			buildConfigurations = (
				25D74BF825D238520099FDC5 /* Debug */,
				25D74BF925D238520099FDC5 /* Release */,
			);
			defaultConfigurationIsVisible = 0;
			defaultConfigurationName = Release;
		};
/* End XCConfigurationList section */

/* Begin XCVersionGroup section */
		25D74BEC25D2384F0099FDC5 /* _0_CoreDataTest.xcdatamodeld */ = {
			isa = XCVersionGroup;
			children = (
				25D74BED25D2384F0099FDC5 /* _0_CoreDataTest.xcdatamodel */,
			);
			currentVersion = 25D74BED25D2384F0099FDC5 /* _0_CoreDataTest.xcdatamodel */;
			path = _0_CoreDataTest.xcdatamodeld;
			sourceTree = "<group>";
			versionGroupType = wrapper.xcdatamodel;
		};
/* End XCVersionGroup section */
	};
	rootObject = 25D74BD825D2384F0099FDC5 /* Project object */;
}
