// !$*UTF8*$!
{
	archiveVersion = 1;
	classes = {
	};
	objectVersion = 50;
	objects = {

/* Begin PBXBuildFile section */
		25D74B9025D22D520099FDC5 /* AppDelegate.swift in Sources */ = {isa = PBXBuildFile; fileRef = 25D74B8F25D22D520099FDC5 /* AppDelegate.swift */; };
		25D74B9225D22D520099FDC5 /* SceneDelegate.swift in Sources */ = {isa = PBXBuildFile; fileRef = 25D74B9125D22D520099FDC5 /* SceneDelegate.swift */; };
		25D74B9425D22D520099FDC5 /* ViewController.swift in Sources */ = {isa = PBXBuildFile; fileRef = 25D74B9325D22D520099FDC5 /* ViewController.swift */; };
		25D74B9725D22D520099FDC5 /* Main.storyboard in Resources */ = {isa = PBXBuildFile; fileRef = 25D74B9525D22D520099FDC5 /* Main.storyboard */; };
		25D74B9925D22D530099FDC5 /* Assets.xcassets in Resources */ = {isa = PBXBuildFile; fileRef = 25D74B9825D22D530099FDC5 /* Assets.xcassets */; };
		25D74B9C25D22D530099FDC5 /* LaunchScreen.storyboard in Resources */ = {isa = PBXBuildFile; fileRef = 25D74B9A25D22D530099FDC5 /* LaunchScreen.storyboard */; };
		25D74BA625D22D950099FDC5 /* libsqlite3.0.tbd in Frameworks */ = {isa = PBXBuildFile; fileRef = 25D74BA525D22D950099FDC5 /* libsqlite3.0.tbd */; };
		25D74BAB25D231220099FDC5 /* Objective-C_Hander.m in Sources */ = {isa = PBXBuildFile; fileRef = 25D74BAA25D231220099FDC5 /* Objective-C_Hander.m */; };
/* End PBXBuildFile section */

/* Begin PBXFileReference section */
		25D74B8C25D22D510099FDC5 /* 39_SQLiteLibTest.app */ = {isa = PBXFileReference; explicitFileType = wrapper.application; includeInIndex = 0; path = 39_SQLiteLibTest.app; sourceTree = BUILT_PRODUCTS_DIR; };
		25D74B8F25D22D520099FDC5 /* AppDelegate.swift */ = {isa = PBXFileReference; lastKnownFileType = sourcecode.swift; path = AppDelegate.swift; sourceTree = "<group>"; };
		25D74B9125D22D520099FDC5 /* SceneDelegate.swift */ = {isa = PBXFileReference; lastKnownFileType = sourcecode.swift; path = SceneDelegate.swift; sourceTree = "<group>"; };
		25D74B9325D22D520099FDC5 /* ViewController.swift */ = {isa = PBXFileReference; lastKnownFileType = sourcecode.swift; path = ViewController.swift; sourceTree = "<group>"; };
		25D74B9625D22D520099FDC5 /* Base */ = {isa = PBXFileReference; lastKnownFileType = file.storyboard; name = Base; path = Base.lproj/Main.storyboard; sourceTree = "<group>"; };
		25D74B9825D22D530099FDC5 /* Assets.xcassets */ = {isa = PBXFileReference; lastKnownFileType = folder.assetcatalog; path = Assets.xcassets; sourceTree = "<group>"; };
		25D74B9B25D22D530099FDC5 /* Base */ = {isa = PBXFileReference; lastKnownFileType = file.storyboard; name = Base; path = Base.lproj/LaunchScreen.storyboard; sourceTree = "<group>"; };
		25D74B9D25D22D530099FDC5 /* Info.plist */ = {isa = PBXFileReference; lastKnownFileType = text.plist.xml; path = Info.plist; sourceTree = "<group>"; };
		25D74BA525D22D950099FDC5 /* libsqlite3.0.tbd */ = {isa = PBXFileReference; lastKnownFileType = "sourcecode.text-based-dylib-definition"; name = libsqlite3.0.tbd; path = usr/lib/libsqlite3.0.tbd; sourceTree = SDKROOT; };
		25D74BA825D22DC20099FDC5 /* bridgeHeader.h */ = {isa = PBXFileReference; lastKnownFileType = sourcecode.c.h; path = bridgeHeader.h; sourceTree = "<group>"; };
		25D74BA925D231220099FDC5 /* Objective-C_Hander.h */ = {isa = PBXFileReference; lastKnownFileType = sourcecode.c.h; path = "Objective-C_Hander.h"; sourceTree = "<group>"; };
		25D74BAA25D231220099FDC5 /* Objective-C_Hander.m */ = {isa = PBXFileReference; lastKnownFileType = sourcecode.c.objc; path = "Objective-C_Hander.m"; sourceTree = "<group>"; };
/* End PBXFileReference section */

/* Begin PBXFrameworksBuildPhase section */
		25D74B8925D22D510099FDC5 /* Frameworks */ = {
			isa = PBXFrameworksBuildPhase;
			buildActionMask = 2147483647;
			files = (
				25D74BA625D22D950099FDC5 /* libsqlite3.0.tbd in Frameworks */,
			);
			runOnlyForDeploymentPostprocessing = 0;
		};
/* End PBXFrameworksBuildPhase section */

/* Begin PBXGroup section */
		25D74B8325D22D510099FDC5 = {
			isa = PBXGroup;
			children = (
				25D74B8E25D22D510099FDC5 /* 39_SQLiteLibTest */,
				25D74B8D25D22D510099FDC5 /* Products */,
				25D74BA425D22D950099FDC5 /* Frameworks */,
			);
			sourceTree = "<group>";
		};
		25D74B8D25D22D510099FDC5 /* Products */ = {
			isa = PBXGroup;
			children = (
				25D74B8C25D22D510099FDC5 /* 39_SQLiteLibTest.app */,
			);
			name = Products;
			sourceTree = "<group>";
		};
		25D74B8E25D22D510099FDC5 /* 39_SQLiteLibTest */ = {
			isa = PBXGroup;
			children = (
				25D74B8F25D22D520099FDC5 /* AppDelegate.swift */,
				25D74B9125D22D520099FDC5 /* SceneDelegate.swift */,
				25D74B9325D22D520099FDC5 /* ViewController.swift */,
				25D74BA925D231220099FDC5 /* Objective-C_Hander.h */,
				25D74BAA25D231220099FDC5 /* Objective-C_Hander.m */,
				25D74BA825D22DC20099FDC5 /* bridgeHeader.h */,
				25D74B9525D22D520099FDC5 /* Main.storyboard */,
				25D74B9825D22D530099FDC5 /* Assets.xcassets */,
				25D74B9A25D22D530099FDC5 /* LaunchScreen.storyboard */,
				25D74B9D25D22D530099FDC5 /* Info.plist */,
			);
			path = 39_SQLiteLibTest;
			sourceTree = "<group>";
		};
		25D74BA425D22D950099FDC5 /* Frameworks */ = {
			isa = PBXGroup;
			children = (
				25D74BA525D22D950099FDC5 /* libsqlite3.0.tbd */,
			);
			name = Frameworks;
			sourceTree = "<group>";
		};
/* End PBXGroup section */

/* Begin PBXNativeTarget section */
		25D74B8B25D22D510099FDC5 /* 39_SQLiteLibTest */ = {
			isa = PBXNativeTarget;
			buildConfigurationList = 25D74BA025D22D530099FDC5 /* Build configuration list for PBXNativeTarget "39_SQLiteLibTest" */;
			buildPhases = (
				25D74B8825D22D510099FDC5 /* Sources */,
				25D74B8925D22D510099FDC5 /* Frameworks */,
				25D74B8A25D22D510099FDC5 /* Resources */,
			);
			buildRules = (
			);
			dependencies = (
			);
			name = 39_SQLiteLibTest;
			productName = 39_SQLiteLibTest;
			productReference = 25D74B8C25D22D510099FDC5 /* 39_SQLiteLibTest.app */;
			productType = "com.apple.product-type.application";
		};
/* End PBXNativeTarget section */

/* Begin PBXProject section */
		25D74B8425D22D510099FDC5 /* Project object */ = {
			isa = PBXProject;
			attributes = {
				LastSwiftUpdateCheck = 1230;
				LastUpgradeCheck = 1230;
				TargetAttributes = {
					25D74B8B25D22D510099FDC5 = {
						CreatedOnToolsVersion = 12.3;
					};
				};
			};
			buildConfigurationList = 25D74B8725D22D510099FDC5 /* Build configuration list for PBXProject "39_SQLiteLibTest" */;
			compatibilityVersion = "Xcode 9.3";
			developmentRegion = en;
			hasScannedForEncodings = 0;
			knownRegions = (
				en,
				Base,
			);
			mainGroup = 25D74B8325D22D510099FDC5;
			productRefGroup = 25D74B8D25D22D510099FDC5 /* Products */;
			projectDirPath = "";
			projectRoot = "";
			targets = (
				25D74B8B25D22D510099FDC5 /* 39_SQLiteLibTest */,
			);
		};
/* End PBXProject section */

/* Begin PBXResourcesBuildPhase section */
		25D74B8A25D22D510099FDC5 /* Resources */ = {
			isa = PBXResourcesBuildPhase;
			buildActionMask = 2147483647;
			files = (
				25D74B9C25D22D530099FDC5 /* LaunchScreen.storyboard in Resources */,
				25D74B9925D22D530099FDC5 /* Assets.xcassets in Resources */,
				25D74B9725D22D520099FDC5 /* Main.storyboard in Resources */,
			);
			runOnlyForDeploymentPostprocessing = 0;
		};
/* End PBXResourcesBuildPhase section */

/* Begin PBXSourcesBuildPhase section */
		25D74B8825D22D510099FDC5 /* Sources */ = {
			isa = PBXSourcesBuildPhase;
			buildActionMask = 2147483647;
			files = (
				25D74B9425D22D520099FDC5 /* ViewController.swift in Sources */,
				25D74B9025D22D520099FDC5 /* AppDelegate.swift in Sources */,
				25D74B9225D22D520099FDC5 /* SceneDelegate.swift in Sources */,
				25D74BAB25D231220099FDC5 /* Objective-C_Hander.m in Sources */,
			);
			runOnlyForDeploymentPostprocessing = 0;
		};
/* End PBXSourcesBuildPhase section */

/* Begin PBXVariantGroup section */
		25D74B9525D22D520099FDC5 /* Main.storyboard */ = {
			isa = PBXVariantGroup;
			children = (
				25D74B9625D22D520099FDC5 /* Base */,
			);
			name = Main.storyboard;
			sourceTree = "<group>";
		};
		25D74B9A25D22D530099FDC5 /* LaunchScreen.storyboard */ = {
			isa = PBXVariantGroup;
			children = (
				25D74B9B25D22D530099FDC5 /* Base */,
			);
			name = LaunchScreen.storyboard;
			sourceTree = "<group>";
		};
/* End PBXVariantGroup section */

/* Begin XCBuildConfiguration section */
		25D74B9E25D22D530099FDC5 /* Debug */ = {
			isa = XCBuildConfiguration;
			buildSettings = {
				ALWAYS_SEARCH_USER_PATHS = NO;
				CLANG_ANALYZER_NONNULL = YES;
				CLANG_ANALYZER_NUMBER_OBJECT_CONVERSION = YES_AGGRESSIVE;
				CLANG_CXX_LANGUAGE_STANDARD = "gnu++14";
				CLANG_CXX_LIBRARY = "libc++";
				CLANG_ENABLE_MODULES = YES;
				CLANG_ENABLE_OBJC_ARC = YES;
				CLANG_ENABLE_OBJC_WEAK = YES;
				CLANG_WARN_BLOCK_CAPTURE_AUTORELEASING = YES;
				CLANG_WARN_BOOL_CONVERSION = YES;
				CLANG_WARN_COMMA = YES;
				CLANG_WARN_CONSTANT_CONVERSION = YES;
				CLANG_WARN_DEPRECATED_OBJC_IMPLEMENTATIONS = YES;
				CLANG_WARN_DIRECT_OBJC_ISA_USAGE = YES_ERROR;
				CLANG_WARN_DOCUMENTATION_COMMENTS = YES;
				CLANG_WARN_EMPTY_BODY = YES;
				CLANG_WARN_ENUM_CONVERSION = YES;
				CLANG_WARN_INFINITE_RECURSION = YES;
				CLANG_WARN_INT_CONVERSION = YES;
				CLANG_WARN_NON_LITERAL_NULL_CONVERSION = YES;
				CLANG_WARN_OBJC_IMPLICIT_RETAIN_SELF = YES;
				CLANG_WARN_OBJC_LITERAL_CONVERSION = YES;
				CLANG_WARN_OBJC_ROOT_CLASS = YES_ERROR;
				CLANG_WARN_QUOTED_INCLUDE_IN_FRAMEWORK_HEADER = YES;
				CLANG_WARN_RANGE_LOOP_ANALYSIS = YES;
				CLANG_WARN_STRICT_PROTOTYPES = YES;
				CLANG_WARN_SUSPICIOUS_MOVE = YES;
				CLANG_WARN_UNGUARDED_AVAILABILITY = YES_AGGRESSIVE;
				CLANG_WARN_UNREACHABLE_CODE = YES;
				CLANG_WARN__DUPLICATE_METHOD_MATCH = YES;
				COPY_PHASE_STRIP = NO;
				DEBUG_INFORMATION_FORMAT = dwarf;
				ENABLE_STRICT_OBJC_MSGSEND = YES;
				ENABLE_TESTABILITY = YES;
				GCC_C_LANGUAGE_STANDARD = gnu11;
				GCC_DYNAMIC_NO_PIC = NO;
				GCC_NO_COMMON_BLOCKS = YES;
				GCC_OPTIMIZATION_LEVEL = 0;
				GCC_PREPROCESSOR_DEFINITIONS = (
					"DEBUG=1",
					"$(inherited)",
				);
				GCC_WARN_64_TO_32_BIT_CONVERSION = YES;
				GCC_WARN_ABOUT_RETURN_TYPE = YES_ERROR;
				GCC_WARN_UNDECLARED_SELECTOR = YES;
				GCC_WARN_UNINITIALIZED_AUTOS = YES_AGGRESSIVE;
				GCC_WARN_UNUSED_FUNCTION = YES;
				GCC_WARN_UNUSED_VARIABLE = YES;
				IPHONEOS_DEPLOYMENT_TARGET = 14.3;
				MTL_ENABLE_DEBUG_INFO = INCLUDE_SOURCE;
				MTL_FAST_MATH = YES;
				ONLY_ACTIVE_ARCH = YES;
				SDKROOT = iphoneos;
				SWIFT_ACTIVE_COMPILATION_CONDITIONS = DEBUG;
				SWIFT_OPTIMIZATION_LEVEL = "-Onone";
			};
			name = Debug;
		};
		25D74B9F25D22D530099FDC5 /* Release */ = {
			isa = XCBuildConfiguration;
			buildSettings = {
				ALWAYS_SEARCH_USER_PATHS = NO;
				CLANG_ANALYZER_NONNULL = YES;
				CLANG_ANALYZER_NUMBER_OBJECT_CONVERSION = YES_AGGRESSIVE;
				CLANG_CXX_LANGUAGE_STANDARD = "gnu++14";
				CLANG_CXX_LIBRARY = "libc++";
				CLANG_ENABLE_MODULES = YES;
				CLANG_ENABLE_OBJC_ARC = YES;
				CLANG_ENABLE_OBJC_WEAK = YES;
				CLANG_WARN_BLOCK_CAPTURE_AUTORELEASING = YES;
				CLANG_WARN_BOOL_CONVERSION = YES;
				CLANG_WARN_COMMA = YES;
				CLANG_WARN_CONSTANT_CONVERSION = YES;
				CLANG_WARN_DEPRECATED_OBJC_IMPLEMENTATIONS = YES;
				CLANG_WARN_DIRECT_OBJC_ISA_USAGE = YES_ERROR;
				CLANG_WARN_DOCUMENTATION_COMMENTS = YES;
				CLANG_WARN_EMPTY_BODY = YES;
				CLANG_WARN_ENUM_CONVERSION = YES;
				CLANG_WARN_INFINITE_RECURSION = YES;
				CLANG_WARN_INT_CONVERSION = YES;
				CLANG_WARN_NON_LITERAL_NULL_CONVERSION = YES;
				CLANG_WARN_OBJC_IMPLICIT_RETAIN_SELF = YES;
				CLANG_WARN_OBJC_LITERAL_CONVERSION = YES;
				CLANG_WARN_OBJC_ROOT_CLASS = YES_ERROR;
				CLANG_WARN_QUOTED_INCLUDE_IN_FRAMEWORK_HEADER = YES;
				CLANG_WARN_RANGE_LOOP_ANALYSIS = YES;
				CLANG_WARN_STRICT_PROTOTYPES = YES;
				CLANG_WARN_SUSPICIOUS_MOVE = YES;
				CLANG_WARN_UNGUARDED_AVAILABILITY = YES_AGGRESSIVE;
				CLANG_WARN_UNREACHABLE_CODE = YES;
				CLANG_WARN__DUPLICATE_METHOD_MATCH = YES;
				COPY_PHASE_STRIP = NO;
				DEBUG_INFORMATION_FORMAT = "dwarf-with-dsym";
				ENABLE_NS_ASSERTIONS = NO;
				ENABLE_STRICT_OBJC_MSGSEND = YES;
				GCC_C_LANGUAGE_STANDARD = gnu11;
				GCC_NO_COMMON_BLOCKS = YES;
				GCC_WARN_64_TO_32_BIT_CONVERSION = YES;
				GCC_WARN_ABOUT_RETURN_TYPE = YES_ERROR;
				GCC_WARN_UNDECLARED_SELECTOR = YES;
				GCC_WARN_UNINITIALIZED_AUTOS = YES_AGGRESSIVE;
				GCC_WARN_UNUSED_FUNCTION = YES;
				GCC_WARN_UNUSED_VARIABLE = YES;
				IPHONEOS_DEPLOYMENT_TARGET = 14.3;
				MTL_ENABLE_DEBUG_INFO = NO;
				MTL_FAST_MATH = YES;
				SDKROOT = iphoneos;
				SWIFT_COMPILATION_MODE = wholemodule;
				SWIFT_OPTIMIZATION_LEVEL = "-O";
				VALIDATE_PRODUCT = YES;
			};
			name = Release;
		};
		25D74BA125D22D530099FDC5 /* Debug */ = {
			isa = XCBuildConfiguration;
			buildSettings = {
				ASSETCATALOG_COMPILER_APPICON_NAME = AppIcon;
				ASSETCATALOG_COMPILER_GLOBAL_ACCENT_COLOR_NAME = AccentColor;
				CODE_SIGN_STYLE = Automatic;
				INFOPLIST_FILE = 39_SQLiteLibTest/Info.plist;
				LD_RUNPATH_SEARCH_PATHS = (
					"$(inherited)",
					"@executable_path/Frameworks",
				);
				PRODUCT_BUNDLE_IDENTIFIER = "huishao.-9-SQLiteLibTest";
				PRODUCT_NAME = "$(TARGET_NAME)";
				SWIFT_OBJC_BRIDGING_HEADER = "$(SRCROOT)/39_SQLiteLibTest/bridgeHeader.h";
				SWIFT_VERSION = 5.0;
				TARGETED_DEVICE_FAMILY = "1,2";
			};
			name = Debug;
		};
		25D74BA225D22D530099FDC5 /* Release */ = {
			isa = XCBuildConfiguration;
			buildSettings = {
				ASSETCATALOG_COMPILER_APPICON_NAME = AppIcon;
				ASSETCATALOG_COMPILER_GLOBAL_ACCENT_COLOR_NAME = AccentColor;
				CODE_SIGN_STYLE = Automatic;
				INFOPLIST_FILE = 39_SQLiteLibTest/Info.plist;
				LD_RUNPATH_SEARCH_PATHS = (
					"$(inherited)",
					"@executable_path/Frameworks",
				);
				PRODUCT_BUNDLE_IDENTIFIER = "huishao.-9-SQLiteLibTest";
				PRODUCT_NAME = "$(TARGET_NAME)";
				SWIFT_OBJC_BRIDGING_HEADER = "$(SRCROOT)/39_SQLiteLibTest/bridgeHeader.h";
				SWIFT_VERSION = 5.0;
				TARGETED_DEVICE_FAMILY = "1,2";
			};
			name = Release;
		};
/* End XCBuildConfiguration section */

/* Begin XCConfigurationList section */
		25D74B8725D22D510099FDC5 /* Build configuration list for PBXProject "39_SQLiteLibTest" */ = {
			isa = XCConfigurationList;
			buildConfigurations = (
				25D74B9E25D22D530099FDC5 /* Debug */,
				25D74B9F25D22D530099FDC5 /* Release */,
			);
			defaultConfigurationIsVisible = 0;
			defaultConfigurationName = Release;
		};
		25D74BA025D22D530099FDC5 /* Build configuration list for PBXNativeTarget "39_SQLiteLibTest" */ = {
			isa = XCConfigurationList;
			buildConfigurations = (
				25D74BA125D22D530099FDC5 /* Debug */,
				25D74BA225D22D530099FDC5 /* Release */,
			);
			defaultConfigurationIsVisible = 0;
			defaultConfigurationName = Release;
		};
/* End XCConfigurationList section */
	};
	rootObject = 25D74B8425D22D510099FDC5 /* Project object */;
}
